{
	"name": "dispatch-worker",
	"version": "1.0.0",
	"lockfileVersion": 3,
	"requires": true,
	"packages": {
		"": {
			"name": "dispatch-worker",
			"version": "1.0.0",
			"license": "ISC",
			"devDependencies": {
				"@cloudflare/workers-types": "^4.20240821.1"
			}
		},
		"node_modules/@cloudflare/workers-types": {
			"version": "4.20240821.1",
			"resolved": "https://registry.npmjs.org/@cloudflare/workers-types/-/workers-types-4.20240821.1.tgz",
			"integrity": "sha512-icAkbnAqgVl6ef9lgLTom8na+kj2RBw2ViPAQ586hbdj0xZcnrjK7P46Eu08OU9D/lNDgN2sKU/sxhe2iK/gIg==",
			"dev": true
		}
	}
}
